
Microsoft Visual Studio Solution File, Format Version 12.00
# Visual Studio Version 17
VisualStudioVersion = 17.0.31919.166
MinimumVisualStudioVersion = 10.0.40219.1
Project("{9A19103F-16F7-4668-BE54-9A1E7A4F7556}") = "CosmosDbTodoApi", "CosmosDbTodoApi\CosmosDbTodoApi.csproj", "{DC6665E6-A323-46A5-B44A-52CF0C700678}"
EndProject
Project("{9A19103F-16F7-4668-BE54-9A1E7A4F7556}") = "CosmosTriggerFunction", "CosmosTriggerFunction\CosmosTriggerFunction.csproj", "{8AA4BAEE-952A-499F-9562-5D8961347795}"
EndProject
Project("{FAE04EC0-301F-11D3-BF4B-00C04F79EFBC}") = "CosmosTriggerFunctionIsolated", "CosmosTriggerFunctionIsolated\CosmosTriggerFunctionIsolated.csproj", "{A30E3580-654A-4B58-B77E-212DC75C28A3}"
EndProject
Global
	GlobalSection(SolutionConfigurationPlatforms) = preSolution
		Debug|Any CPU = Debug|Any CPU
		Release|Any CPU = Release|Any CPU
	EndGlobalSection
	GlobalSection(ProjectConfigurationPlatforms) = postSolution
		{DC6665E6-A323-46A5-B44A-52CF0C700678}.Debug|Any CPU.ActiveCfg = Debug|Any CPU
		{DC6665E6-A323-46A5-B44A-52CF0C700678}.Debug|Any CPU.Build.0 = Debug|Any CPU
		{DC6665E6-A323-46A5-B44A-52CF0C700678}.Release|Any CPU.ActiveCfg = Release|Any CPU
		{DC6665E6-A323-46A5-B44A-52CF0C700678}.Release|Any CPU.Build.0 = Release|Any CPU
		{8AA4BAEE-952A-499F-9562-5D8961347795}.Debug|Any CPU.ActiveCfg = Debug|Any CPU
		{8AA4BAEE-952A-499F-9562-5D8961347795}.Debug|Any CPU.Build.0 = Debug|Any CPU
		{8AA4BAEE-952A-499F-9562-5D8961347795}.Release|Any CPU.ActiveCfg = Release|Any CPU
		{8AA4BAEE-952A-499F-9562-5D8961347795}.Release|Any CPU.Build.0 = Release|Any CPU
		{A30E3580-654A-4B58-B77E-212DC75C28A3}.Debug|Any CPU.ActiveCfg = Debug|Any CPU
		{A30E3580-654A-4B58-B77E-212DC75C28A3}.Debug|Any CPU.Build.0 = Debug|Any CPU
		{A30E3580-654A-4B58-B77E-212DC75C28A3}.Release|Any CPU.ActiveCfg = Release|Any CPU
		{A30E3580-654A-4B58-B77E-212DC75C28A3}.Release|Any CPU.Build.0 = Release|Any CPU
	EndGlobalSection
	GlobalSection(SolutionProperties) = preSolution
		HideSolutionNode = FALSE
	EndGlobalSection
	GlobalSection(ExtensibilityGlobals) = postSolution
		SolutionGuid = {4DABEEA7-5286-44AF-AF46-11A920CFC07D}
	EndGlobalSection
EndGlobal
